
Microsoft Visual Studio Solution File, Format Version 12.00
# Visual Studio Version 16
VisualStudioVersion = 16.0.29519.87
MinimumVisualStudioVersion = 10.0.40219.1
Project("{FAE04EC0-301F-11D3-BF4B-00C04F79EFBC}") = "BrowserScreenSaver", "BrowserScreenSaver\BrowserScreenSaver.csproj", "{398388AB-767B-4F99-A528-07424F8CCD07}"
EndProject
Project("{FAE04EC0-301F-11D3-BF4B-00C04F79EFBC}") = "BrowserScreenSaverTests", "BrowserScreenSaverTests\BrowserScreenSaverTests.csproj", "{B374BDEE-E0D2-4CDA-A9A4-0E7504D2D387}"
EndProject
Global
	GlobalSection(SolutionConfigurationPlatforms) = preSolution
		Debug|Any CPU = Debug|Any CPU
		Release|Any CPU = Release|Any CPU
	EndGlobalSection
	GlobalSection(ProjectConfigurationPlatforms) = postSolution
		{398388AB-767B-4F99-A528-07424F8CCD07}.Debug|Any CPU.ActiveCfg = Debug|Any CPU
		{398388AB-767B-4F99-A528-07424F8CCD07}.Debug|Any CPU.Build.0 = Debug|Any CPU
		{398388AB-767B-4F99-A528-07424F8CCD07}.Release|Any CPU.ActiveCfg = Release|Any CPU
		{398388AB-767B-4F99-A528-07424F8CCD07}.Release|Any CPU.Build.0 = Release|Any CPU
		{B374BDEE-E0D2-4CDA-A9A4-0E7504D2D387}.Debug|Any CPU.ActiveCfg = Debug|Any CPU
		{B374BDEE-E0D2-4CDA-A9A4-0E7504D2D387}.Debug|Any CPU.Build.0 = Debug|Any CPU
		{B374BDEE-E0D2-4CDA-A9A4-0E7504D2D387}.Release|Any CPU.ActiveCfg = Release|Any CPU
		{B374BDEE-E0D2-4CDA-A9A4-0E7504D2D387}.Release|Any CPU.Build.0 = Release|Any CPU
	EndGlobalSection
	GlobalSection(SolutionProperties) = preSolution
		HideSolutionNode = FALSE
	EndGlobalSection
	GlobalSection(ExtensibilityGlobals) = postSolution
		SolutionGuid = {B0DEC6FA-6752-4585-A558-0BAFFFC603B4}
	EndGlobalSection
EndGlobal
